
Microsoft Visual Studio Solution File, Format Version 12.00
# Visual Studio Version 17
VisualStudioVersion = 17.1.32228.430
MinimumVisualStudioVersion = 10.0.40219.1
Project("{FAE04EC0-301F-11D3-BF4B-00C04F79EFBC}") = "UserRegistration", "UserRegistration\UserRegistration.csproj", "{854F0976-BCCC-482C-A971-D2A83311A30C}"
EndProject
Global
	GlobalSection(SolutionConfigurationPlatforms) = preSolution
		Debug|Any CPU = Debug|Any CPU
		Release|Any CPU = Release|Any CPU
	EndGlobalSection
	GlobalSection(ProjectConfigurationPlatforms) = postSolution
		{854F0976-BCCC-482C-A971-D2A83311A30C}.Debug|Any CPU.ActiveCfg = Debug|Any CPU
		{854F0976-BCCC-482C-A971-D2A83311A30C}.Debug|Any CPU.Build.0 = Debug|Any CPU
		{854F0976-BCCC-482C-A971-D2A83311A30C}.Release|Any CPU.ActiveCfg = Release|Any CPU
		{854F0976-BCCC-482C-A971-D2A83311A30C}.Release|Any CPU.Build.0 = Release|Any CPU
	EndGlobalSection
	GlobalSection(SolutionProperties) = preSolution
		HideSolutionNode = FALSE
	EndGlobalSection
	GlobalSection(ExtensibilityGlobals) = postSolution
		SolutionGuid = {84AFA82D-2FE2-4E9D-897D-C4FCB0AC9F9B}
	EndGlobalSection
EndGlobal
